
Microsoft Visual Studio Solution File, Format Version 12.00
# Visual Studio 14
VisualStudioVersion = 14.0.23107.0
MinimumVisualStudioVersion = 10.0.40219.1
Project("{F2A71F9B-5D33-465A-A702-920D77279786}") = "RockScissorsPaper", "RockScissorsPaper\RockScissorsPaper.fsproj", "{E8108CBF-4B14-48DA-8D66-D93C1C45EF16}"
EndProject
Project("{F2A71F9B-5D33-465A-A702-920D77279786}") = "Sokoban", "Sokoban\Sokoban.fsproj", "{362DE26B-A42B-4404-B6B4-5CD19DEEC0EA}"
EndProject
Project("{FAE04EC0-301F-11D3-BF4B-00C04F79EFBC}") = "JetLagCSharp", "JetLagCSharp\JetLagCSharp.csproj", "{49CD7328-C714-415D-A468-0CA64B1F3FB6}"
EndProject
Project("{F2A71F9B-5D33-465A-A702-920D77279786}") = "JetLagFSharp", "JetLagFSharp\JetLagFSharp.fsproj", "{22153171-F003-488A-A9D8-863FCECE475A}"
EndProject
Project("{F2A71F9B-5D33-465A-A702-920D77279786}") = "MazeGenerationFirstAttempt", "MazeGenerationFirstAttempt\MazeGenerationFirstAttempt.fsproj", "{E628914B-082C-4BB2-A6BE-43D5F14A11AD}"
EndProject
Project("{F2A71F9B-5D33-465A-A702-920D77279786}") = "MazeGenerationSecondAttempt", "MazeGenerationSecondAttempt\MazeGenerationSecondAttempt.fsproj", "{32867945-57BF-48D2-BE06-D814001E9555}"
EndProject
Project("{F2A71F9B-5D33-465A-A702-920D77279786}") = "FunctionalDice", "FunctionalDice\FunctionalDice.fsproj", "{2D4EEEFC-06E4-4E41-A0B2-9DA0F951C8EF}"
EndProject
Project("{F2A71F9B-5D33-465A-A702-920D77279786}") = "MazeExplorerVisitAll", "MazeExplorerVisitAll\MazeExplorerVisitAll.fsproj", "{2B0AE8AF-82B2-4168-A2CA-5F20EBF17B8C}"
EndProject
Project("{F2A71F9B-5D33-465A-A702-920D77279786}") = "MazeExplorerLibrary", "MazeExplorerLibrary\MazeExplorerLibrary.fsproj", "{752F2E8A-8833-45F2-8722-CA03357EA4DD}"
EndProject
Project("{F2A71F9B-5D33-465A-A702-920D77279786}") = "MazeExplorerWanderer", "MazeExplorerWanderer\MazeExplorerWanderer.fsproj", "{444DA439-070E-4F6A-AE38-F6BB0D61AAC6}"
EndProject
Project("{F2A71F9B-5D33-465A-A702-920D77279786}") = "MazeExplorerUILibrary", "MazeExplorerUILibrary\MazeExplorerUILibrary.fsproj", "{3D81A38C-F39B-46E8-9E5F-33211BC21AB2}"
EndProject
Project("{F2A71F9B-5D33-465A-A702-920D77279786}") = "MazeExplorerUIVisitAll", "MazeExplorerUIVisitAll\MazeExplorerUIVisitAll.fsproj", "{0CD9E6C8-E6C4-412B-9979-07F74D22F5B4}"
EndProject
Project("{F2A71F9B-5D33-465A-A702-920D77279786}") = "MazeExplorer.TreasureHunt.UI", "MazeExplorer.TreasureHunt.UI\MazeExplorer.TreasureHunt.UI.fsproj", "{771DC29F-EE23-483D-ABA1-3A113B16F41E}"
EndProject
Global
	GlobalSection(SolutionConfigurationPlatforms) = preSolution
		Debug|Any CPU = Debug|Any CPU
		Release|Any CPU = Release|Any CPU
	EndGlobalSection
	GlobalSection(ProjectConfigurationPlatforms) = postSolution
		{E8108CBF-4B14-48DA-8D66-D93C1C45EF16}.Debug|Any CPU.ActiveCfg = Debug|Any CPU
		{E8108CBF-4B14-48DA-8D66-D93C1C45EF16}.Debug|Any CPU.Build.0 = Debug|Any CPU
		{E8108CBF-4B14-48DA-8D66-D93C1C45EF16}.Release|Any CPU.ActiveCfg = Release|Any CPU
		{E8108CBF-4B14-48DA-8D66-D93C1C45EF16}.Release|Any CPU.Build.0 = Release|Any CPU
		{362DE26B-A42B-4404-B6B4-5CD19DEEC0EA}.Debug|Any CPU.ActiveCfg = Debug|Any CPU
		{362DE26B-A42B-4404-B6B4-5CD19DEEC0EA}.Debug|Any CPU.Build.0 = Debug|Any CPU
		{362DE26B-A42B-4404-B6B4-5CD19DEEC0EA}.Release|Any CPU.ActiveCfg = Release|Any CPU
		{362DE26B-A42B-4404-B6B4-5CD19DEEC0EA}.Release|Any CPU.Build.0 = Release|Any CPU
		{49CD7328-C714-415D-A468-0CA64B1F3FB6}.Debug|Any CPU.ActiveCfg = Debug|Any CPU
		{49CD7328-C714-415D-A468-0CA64B1F3FB6}.Debug|Any CPU.Build.0 = Debug|Any CPU
		{49CD7328-C714-415D-A468-0CA64B1F3FB6}.Release|Any CPU.ActiveCfg = Release|Any CPU
		{49CD7328-C714-415D-A468-0CA64B1F3FB6}.Release|Any CPU.Build.0 = Release|Any CPU
		{22153171-F003-488A-A9D8-863FCECE475A}.Debug|Any CPU.ActiveCfg = Debug|Any CPU
		{22153171-F003-488A-A9D8-863FCECE475A}.Debug|Any CPU.Build.0 = Debug|Any CPU
		{22153171-F003-488A-A9D8-863FCECE475A}.Release|Any CPU.ActiveCfg = Release|Any CPU
		{22153171-F003-488A-A9D8-863FCECE475A}.Release|Any CPU.Build.0 = Release|Any CPU
		{E628914B-082C-4BB2-A6BE-43D5F14A11AD}.Debug|Any CPU.ActiveCfg = Debug|Any CPU
		{E628914B-082C-4BB2-A6BE-43D5F14A11AD}.Debug|Any CPU.Build.0 = Debug|Any CPU
		{E628914B-082C-4BB2-A6BE-43D5F14A11AD}.Release|Any CPU.ActiveCfg = Release|Any CPU
		{E628914B-082C-4BB2-A6BE-43D5F14A11AD}.Release|Any CPU.Build.0 = Release|Any CPU
		{32867945-57BF-48D2-BE06-D814001E9555}.Debug|Any CPU.ActiveCfg = Debug|Any CPU
		{32867945-57BF-48D2-BE06-D814001E9555}.Debug|Any CPU.Build.0 = Debug|Any CPU
		{32867945-57BF-48D2-BE06-D814001E9555}.Release|Any CPU.ActiveCfg = Release|Any CPU
		{32867945-57BF-48D2-BE06-D814001E9555}.Release|Any CPU.Build.0 = Release|Any CPU
		{2D4EEEFC-06E4-4E41-A0B2-9DA0F951C8EF}.Debug|Any CPU.ActiveCfg = Debug|Any CPU
		{2D4EEEFC-06E4-4E41-A0B2-9DA0F951C8EF}.Debug|Any CPU.Build.0 = Debug|Any CPU
		{2D4EEEFC-06E4-4E41-A0B2-9DA0F951C8EF}.Release|Any CPU.ActiveCfg = Release|Any CPU
		{2D4EEEFC-06E4-4E41-A0B2-9DA0F951C8EF}.Release|Any CPU.Build.0 = Release|Any CPU
		{2B0AE8AF-82B2-4168-A2CA-5F20EBF17B8C}.Debug|Any CPU.ActiveCfg = Debug|Any CPU
		{2B0AE8AF-82B2-4168-A2CA-5F20EBF17B8C}.Debug|Any CPU.Build.0 = Debug|Any CPU
		{2B0AE8AF-82B2-4168-A2CA-5F20EBF17B8C}.Release|Any CPU.ActiveCfg = Release|Any CPU
		{2B0AE8AF-82B2-4168-A2CA-5F20EBF17B8C}.Release|Any CPU.Build.0 = Release|Any CPU
		{752F2E8A-8833-45F2-8722-CA03357EA4DD}.Debug|Any CPU.ActiveCfg = Debug|Any CPU
		{752F2E8A-8833-45F2-8722-CA03357EA4DD}.Debug|Any CPU.Build.0 = Debug|Any CPU
		{752F2E8A-8833-45F2-8722-CA03357EA4DD}.Release|Any CPU.ActiveCfg = Release|Any CPU
		{752F2E8A-8833-45F2-8722-CA03357EA4DD}.Release|Any CPU.Build.0 = Release|Any CPU
		{444DA439-070E-4F6A-AE38-F6BB0D61AAC6}.Debug|Any CPU.ActiveCfg = Debug|Any CPU
		{444DA439-070E-4F6A-AE38-F6BB0D61AAC6}.Debug|Any CPU.Build.0 = Debug|Any CPU
		{444DA439-070E-4F6A-AE38-F6BB0D61AAC6}.Release|Any CPU.ActiveCfg = Release|Any CPU
		{444DA439-070E-4F6A-AE38-F6BB0D61AAC6}.Release|Any CPU.Build.0 = Release|Any CPU
		{3D81A38C-F39B-46E8-9E5F-33211BC21AB2}.Debug|Any CPU.ActiveCfg = Debug|Any CPU
		{3D81A38C-F39B-46E8-9E5F-33211BC21AB2}.Debug|Any CPU.Build.0 = Debug|Any CPU
		{3D81A38C-F39B-46E8-9E5F-33211BC21AB2}.Release|Any CPU.ActiveCfg = Release|Any CPU
		{3D81A38C-F39B-46E8-9E5F-33211BC21AB2}.Release|Any CPU.Build.0 = Release|Any CPU
		{0CD9E6C8-E6C4-412B-9979-07F74D22F5B4}.Debug|Any CPU.ActiveCfg = Debug|Any CPU
		{0CD9E6C8-E6C4-412B-9979-07F74D22F5B4}.Debug|Any CPU.Build.0 = Debug|Any CPU
		{0CD9E6C8-E6C4-412B-9979-07F74D22F5B4}.Release|Any CPU.ActiveCfg = Release|Any CPU
		{0CD9E6C8-E6C4-412B-9979-07F74D22F5B4}.Release|Any CPU.Build.0 = Release|Any CPU
		{771DC29F-EE23-483D-ABA1-3A113B16F41E}.Debug|Any CPU.ActiveCfg = Debug|Any CPU
		{771DC29F-EE23-483D-ABA1-3A113B16F41E}.Debug|Any CPU.Build.0 = Debug|Any CPU
		{771DC29F-EE23-483D-ABA1-3A113B16F41E}.Release|Any CPU.ActiveCfg = Release|Any CPU
		{771DC29F-EE23-483D-ABA1-3A113B16F41E}.Release|Any CPU.Build.0 = Release|Any CPU
	EndGlobalSection
	GlobalSection(SolutionProperties) = preSolution
		HideSolutionNode = FALSE
	EndGlobalSection
EndGlobal
